// !$*UTF8*$!
{
	archiveVersion = 1;
	classes = {
	};
	objectVersion = 46;
	objects = {

/* Begin PBXBuildFile section */
		63A766101AFE7E6F0089AEE4 /* main.m in Sources */ = {isa = PBXBuildFile; fileRef = 63A7660F1AFE7E6F0089AEE4 /* main.m */; };
		63A766131AFE7E6F0089AEE4 /* AppDelegate.m in Sources */ = {isa = PBXBuildFile; fileRef = 63A766121AFE7E6F0089AEE4 /* AppDelegate.m */; };
		63A766161AFE7E6F0089AEE4 /* ViewController.m in Sources */ = {isa = PBXBuildFile; fileRef = 63A766151AFE7E6F0089AEE4 /* ViewController.m */; };
		63A766191AFE7E6F0089AEE4 /* Main.storyboard in Resources */ = {isa = PBXBuildFile; fileRef = 63A766171AFE7E6F0089AEE4 /* Main.storyboard */; };
		63A7661B1AFE7E6F0089AEE4 /* Images.xcassets in Resources */ = {isa = PBXBuildFile; fileRef = 63A7661A1AFE7E6F0089AEE4 /* Images.xcassets */; };
		63A7661E1AFE7E6F0089AEE4 /* LaunchScreen.xib in Resources */ = {isa = PBXBuildFile; fileRef = 63A7661C1AFE7E6F0089AEE4 /* LaunchScreen.xib */; };
		63A7662A1AFE7E6F0089AEE4 /* Check2GetTests.m in Sources */ = {isa = PBXBuildFile; fileRef = 63A766291AFE7E6F0089AEE4 /* Check2GetTests.m */; };
/* End PBXBuildFile section */

/* Begin PBXContainerItemProxy section */
		63A766241AFE7E6F0089AEE4 /* PBXContainerItemProxy */ = {
			isa = PBXContainerItemProxy;
			containerPortal = 63A766021AFE7E6F0089AEE4 /* Project object */;
			proxyType = 1;
			remoteGlobalIDString = 63A766091AFE7E6F0089AEE4;
			remoteInfo = Check2Get;
		};
/* End PBXContainerItemProxy section */

/* Begin PBXFileReference section */
		63A7660A1AFE7E6F0089AEE4 /* Check2Get.app */ = {isa = PBXFileReference; explicitFileType = wrapper.application; includeInIndex = 0; path = Check2Get.app; sourceTree = BUILT_PRODUCTS_DIR; };
		63A7660E1AFE7E6F0089AEE4 /* Info.plist */ = {isa = PBXFileReference; lastKnownFileType = text.plist.xml; path = Info.plist; sourceTree = "<group>"; };
		63A7660F1AFE7E6F0089AEE4 /* main.m */ = {isa = PBXFileReference; lastKnownFileType = sourcecode.c.objc; path = main.m; sourceTree = "<group>"; };
		63A766111AFE7E6F0089AEE4 /* AppDelegate.h */ = {isa = PBXFileReference; lastKnownFileType = sourcecode.c.h; path = AppDelegate.h; sourceTree = "<group>"; };
		63A766121AFE7E6F0089AEE4 /* AppDelegate.m */ = {isa = PBXFileReference; lastKnownFileType = sourcecode.c.objc; path = AppDelegate.m; sourceTree = "<group>"; };
		63A766141AFE7E6F0089AEE4 /* ViewController.h */ = {isa = PBXFileReference; lastKnownFileType = sourcecode.c.h; path = ViewController.h; sourceTree = "<group>"; };
		63A766151AFE7E6F0089AEE4 /* ViewController.m */ = {isa = PBXFileReference; lastKnownFileType = sourcecode.c.objc; path = ViewController.m; sourceTree = "<group>"; };
		63A766181AFE7E6F0089AEE4 /* Base */ = {isa = PBXFileReference; lastKnownFileType = file.storyboard; name = Base; path = Base.lproj/Main.storyboard; sourceTree = "<group>"; };
		63A7661A1AFE7E6F0089AEE4 /* Images.xcassets */ = {isa = PBXFileReference; lastKnownFileType = folder.assetcatalog; path = Images.xcassets; sourceTree = "<group>"; };
		63A7661D1AFE7E6F0089AEE4 /* Base */ = {isa = PBXFileReference; lastKnownFileType = file.xib; name = Base; path = Base.lproj/LaunchScreen.xib; sourceTree = "<group>"; };
		63A766231AFE7E6F0089AEE4 /* Check2GetTests.xctest */ = {isa = PBXFileReference; explicitFileType = wrapper.cfbundle; includeInIndex = 0; path = Check2GetTests.xctest; sourceTree = BUILT_PRODUCTS_DIR; };
		63A766281AFE7E6F0089AEE4 /* Info.plist */ = {isa = PBXFileReference; lastKnownFileType = text.plist.xml; path = Info.plist; sourceTree = "<group>"; };
		63A766291AFE7E6F0089AEE4 /* Check2GetTests.m */ = {isa = PBXFileReference; lastKnownFileType = sourcecode.c.objc; path = Check2GetTests.m; sourceTree = "<group>"; };
/* End PBXFileReference section */

/* Begin PBXFrameworksBuildPhase section */
		63A766071AFE7E6F0089AEE4 /* Frameworks */ = {
			isa = PBXFrameworksBuildPhase;
			buildActionMask = 2147483647;
			files = (
			);
			runOnlyForDeploymentPostprocessing = 0;
		};
		63A766201AFE7E6F0089AEE4 /* Frameworks */ = {
			isa = PBXFrameworksBuildPhase;
			buildActionMask = 2147483647;
			files = (
			);
			runOnlyForDeploymentPostprocessing = 0;
		};
/* End PBXFrameworksBuildPhase section */

/* Begin PBXGroup section */
		63A766011AFE7E6F0089AEE4 = {
			isa = PBXGroup;
			children = (
				63A7660C1AFE7E6F0089AEE4 /* Check2Get */,
				63A766261AFE7E6F0089AEE4 /* Check2GetTests */,
				63A7660B1AFE7E6F0089AEE4 /* Products */,
			);
			sourceTree = "<group>";
		};
		63A7660B1AFE7E6F0089AEE4 /* Products */ = {
			isa = PBXGroup;
			children = (
				63A7660A1AFE7E6F0089AEE4 /* Check2Get.app */,
				63A766231AFE7E6F0089AEE4 /* Check2GetTests.xctest */,
			);
			name = Products;
			sourceTree = "<group>";
		};
		63A7660C1AFE7E6F0089AEE4 /* Check2Get */ = {
			isa = PBXGroup;
			children = (
				63A766111AFE7E6F0089AEE4 /* AppDelegate.h */,
				63A766121AFE7E6F0089AEE4 /* AppDelegate.m */,
				63A766141AFE7E6F0089AEE4 /* ViewController.h */,
				63A766151AFE7E6F0089AEE4 /* ViewController.m */,
				63A766171AFE7E6F0089AEE4 /* Main.storyboard */,
				63A7661A1AFE7E6F0089AEE4 /* Images.xcassets */,
				63A7661C1AFE7E6F0089AEE4 /* LaunchScreen.xib */,
				63A7660D1AFE7E6F0089AEE4 /* Supporting Files */,
			);
			path = Check2Get;
			sourceTree = "<group>";
		};
		63A7660D1AFE7E6F0089AEE4 /* Supporting Files */ = {
			isa = PBXGroup;
			children = (
				63A7660E1AFE7E6F0089AEE4 /* Info.plist */,
				63A7660F1AFE7E6F0089AEE4 /* main.m */,
			);
			name = "Supporting Files";
			sourceTree = "<group>";
		};
		63A766261AFE7E6F0089AEE4 /* Check2GetTests */ = {
			isa = PBXGroup;
			children = (
				63A766291AFE7E6F0089AEE4 /* Check2GetTests.m */,
				63A766271AFE7E6F0089AEE4 /* Supporting Files */,
			);
			path = Check2GetTests;
			sourceTree = "<group>";
		};
		63A766271AFE7E6F0089AEE4 /* Supporting Files */ = {
			isa = PBXGroup;
			children = (
				63A766281AFE7E6F0089AEE4 /* Info.plist */,
			);
			name = "Supporting Files";
			sourceTree = "<group>";
		};
/* End PBXGroup section */

/* Begin PBXNativeTarget section */
		63A766091AFE7E6F0089AEE4 /* Check2Get */ = {
			isa = PBXNativeTarget;
			buildConfigurationList = 63A7662D1AFE7E6F0089AEE4 /* Build configuration list for PBXNativeTarget "Check2Get" */;
			buildPhases = (
				63A766061AFE7E6F0089AEE4 /* Sources */,
				63A766071AFE7E6F0089AEE4 /* Frameworks */,
				63A766081AFE7E6F0089AEE4 /* Resources */,
			);
			buildRules = (
			);
			dependencies = (
			);
			name = Check2Get;
			productName = Check2Get;
			productReference = 63A7660A1AFE7E6F0089AEE4 /* Check2Get.app */;
			productType = "com.apple.product-type.application";
		};
		63A766221AFE7E6F0089AEE4 /* Check2GetTests */ = {
			isa = PBXNativeTarget;
			buildConfigurationList = 63A766301AFE7E6F0089AEE4 /* Build configuration list for PBXNativeTarget "Check2GetTests" */;
			buildPhases = (
				63A7661F1AFE7E6F0089AEE4 /* Sources */,
				63A766201AFE7E6F0089AEE4 /* Frameworks */,
				63A766211AFE7E6F0089AEE4 /* Resources */,
			);
			buildRules = (
			);
			dependencies = (
				63A766251AFE7E6F0089AEE4 /* PBXTargetDependency */,
			);
			name = Check2GetTests;
			productName = Check2GetTests;
			productReference = 63A766231AFE7E6F0089AEE4 /* Check2GetTests.xctest */;
			productType = "com.apple.product-type.bundle.unit-test";
		};
/* End PBXNativeTarget section */

/* Begin PBXProject section */
		63A766021AFE7E6F0089AEE4 /* Project object */ = {
			isa = PBXProject;
			attributes = {
				LastUpgradeCheck = 0620;
				ORGANIZATIONNAME = Check2Get;
				TargetAttributes = {
					63A766091AFE7E6F0089AEE4 = {
						CreatedOnToolsVersion = 6.2;
					};
					63A766221AFE7E6F0089AEE4 = {
						CreatedOnToolsVersion = 6.2;
						TestTargetID = 63A766091AFE7E6F0089AEE4;
					};
				};
			};
			buildConfigurationList = 63A766051AFE7E6F0089AEE4 /* Build configuration list for PBXProject "Check2Get" */;
			compatibilityVersion = "Xcode 3.2";
			developmentRegion = English;
			hasScannedForEncodings = 0;
			knownRegions = (
				en,
				Base,
			);
			mainGroup = 63A766011AFE7E6F0089AEE4;
			productRefGroup = 63A7660B1AFE7E6F0089AEE4 /* Products */;
			projectDirPath = "";
			projectRoot = "";
			targets = (
				63A766091AFE7E6F0089AEE4 /* Check2Get */,
				63A766221AFE7E6F0089AEE4 /* Check2GetTests */,
			);
		};
/* End PBXProject section */

/* Begin PBXResourcesBuildPhase section */
		63A766081AFE7E6F0089AEE4 /* Resources */ = {
			isa = PBXResourcesBuildPhase;
			buildActionMask = 2147483647;
			files = (
				63A766191AFE7E6F0089AEE4 /* Main.storyboard in Resources */,
				63A7661E1AFE7E6F0089AEE4 /* LaunchScreen.xib in Resources */,
				63A7661B1AFE7E6F0089AEE4 /* Images.xcassets in Resources */,
			);
			runOnlyForDeploymentPostprocessing = 0;
		};
		63A766211AFE7E6F0089AEE4 /* Resources */ = {
			isa = PBXResourcesBuildPhase;
			buildActionMask = 2147483647;
			files = (
			);
			runOnlyForDeploymentPostprocessing = 0;
		};
/* End PBXResourcesBuildPhase section */

/* Begin PBXSourcesBuildPhase section */
		63A766061AFE7E6F0089AEE4 /* Sources */ = {
			isa = PBXSourcesBuildPhase;
			buildActionMask = 2147483647;
			files = (
				63A766161AFE7E6F0089AEE4 /* ViewController.m in Sources */,
				63A766131AFE7E6F0089AEE4 /* AppDelegate.m in Sources */,
				63A766101AFE7E6F0089AEE4 /* main.m in Sources */,
			);
			runOnlyForDeploymentPostprocessing = 0;
		};
		63A7661F1AFE7E6F0089AEE4 /* Sources */ = {
			isa = PBXSourcesBuildPhase;
			buildActionMask = 2147483647;
			files = (
				63A7662A1AFE7E6F0089AEE4 /* Check2GetTests.m in Sources */,
			);
			runOnlyForDeploymentPostprocessing = 0;
		};
/* End PBXSourcesBuildPhase section */

/* Begin PBXTargetDependency section */
		63A766251AFE7E6F0089AEE4 /* PBXTargetDependency */ = {
			isa = PBXTargetDependency;
			target = 63A766091AFE7E6F0089AEE4 /* Check2Get */;
			targetProxy = 63A766241AFE7E6F0089AEE4 /* PBXContainerItemProxy */;
		};
/* End PBXTargetDependency section */

/* Begin PBXVariantGroup section */
		63A766171AFE7E6F0089AEE4 /* Main.storyboard */ = {
			isa = PBXVariantGroup;
			children = (
				63A766181AFE7E6F0089AEE4 /* Base */,
			);
			name = Main.storyboard;
			sourceTree = "<group>";
		};
		63A7661C1AFE7E6F0089AEE4 /* LaunchScreen.xib */ = {
			isa = PBXVariantGroup;
			children = (
				63A7661D1AFE7E6F0089AEE4 /* Base */,
			);
			name = LaunchScreen.xib;
			sourceTree = "<group>";
		};
/* End PBXVariantGroup section */

/* Begin XCBuildConfiguration section */
		63A7662B1AFE7E6F0089AEE4 /* Debug */ = {
			isa = XCBuildConfiguration;
			buildSettings = {
				ALWAYS_SEARCH_USER_PATHS = NO;
				CLANG_CXX_LANGUAGE_STANDARD = "gnu++0x";
				CLANG_CXX_LIBRARY = "libc++";
				CLANG_ENABLE_MODULES = YES;
				CLANG_ENABLE_OBJC_ARC = YES;
				CLANG_WARN_BOOL_CONVERSION = YES;
				CLANG_WARN_CONSTANT_CONVERSION = YES;
				CLANG_WARN_DIRECT_OBJC_ISA_USAGE = YES_ERROR;
				CLANG_WARN_EMPTY_BODY = YES;
				CLANG_WARN_ENUM_CONVERSION = YES;
				CLANG_WARN_INT_CONVERSION = YES;
				CLANG_WARN_OBJC_ROOT_CLASS = YES_ERROR;
				CLANG_WARN_UNREACHABLE_CODE = YES;
				CLANG_WARN__DUPLICATE_METHOD_MATCH = YES;
				"CODE_SIGN_IDENTITY[sdk=iphoneos*]" = "iPhone Developer";
				COPY_PHASE_STRIP = NO;
				ENABLE_STRICT_OBJC_MSGSEND = YES;
				GCC_C_LANGUAGE_STANDARD = gnu99;
				GCC_DYNAMIC_NO_PIC = NO;
				GCC_OPTIMIZATION_LEVEL = 0;
				GCC_PREPROCESSOR_DEFINITIONS = (
					"DEBUG=1",
					"$(inherited)",
				);
				GCC_SYMBOLS_PRIVATE_EXTERN = NO;
				GCC_WARN_64_TO_32_BIT_CONVERSION = YES;
				GCC_WARN_ABOUT_RETURN_TYPE = YES_ERROR;
				GCC_WARN_UNDECLARED_SELECTOR = YES;
				GCC_WARN_UNINITIALIZED_AUTOS = YES_AGGRESSIVE;
				GCC_WARN_UNUSED_FUNCTION = YES;
				GCC_WARN_UNUSED_VARIABLE = YES;
				IPHONEOS_DEPLOYMENT_TARGET = 8.2;
				MTL_ENABLE_DEBUG_INFO = YES;
				ONLY_ACTIVE_ARCH = YES;
				SDKROOT = iphoneos;
			};
			name = Debug;
		};
		63A7662C1AFE7E6F0089AEE4 /* Release */ = {
			isa = XCBuildConfiguration;
			buildSettings = {
				ALWAYS_SEARCH_USER_PATHS = NO;
				CLANG_CXX_LANGUAGE_STANDARD = "gnu++0x";
				CLANG_CXX_LIBRARY = "libc++";
				CLANG_ENABLE_MODULES = YES;
				CLANG_ENABLE_OBJC_ARC = YES;
				CLANG_WARN_BOOL_CONVERSION = YES;
				CLANG_WARN_CONSTANT_CONVERSION = YES;
				CLANG_WARN_DIRECT_OBJC_ISA_USAGE = YES_ERROR;
				CLANG_WARN_EMPTY_BODY = YES;
				CLANG_WARN_ENUM_CONVERSION = YES;
				CLANG_WARN_INT_CONVERSION = YES;
				CLANG_WARN_OBJC_ROOT_CLASS = YES_ERROR;
				CLANG_WARN_UNREACHABLE_CODE = YES;
				CLANG_WARN__DUPLICATE_METHOD_MATCH = YES;
				"CODE_SIGN_IDENTITY[sdk=iphoneos*]" = "iPhone Developer";
				COPY_PHASE_STRIP = NO;
				ENABLE_NS_ASSERTIONS = NO;
				ENABLE_STRICT_OBJC_MSGSEND = YES;
				GCC_C_LANGUAGE_STANDARD = gnu99;
				GCC_WARN_64_TO_32_BIT_CONVERSION = YES;
				GCC_WARN_ABOUT_RETURN_TYPE = YES_ERROR;
				GCC_WARN_UNDECLARED_SELECTOR = YES;
				GCC_WARN_UNINITIALIZED_AUTOS = YES_AGGRESSIVE;
				GCC_WARN_UNUSED_FUNCTION = YES;
				GCC_WARN_UNUSED_VARIABLE = YES;
				IPHONEOS_DEPLOYMENT_TARGET = 8.2;
				MTL_ENABLE_DEBUG_INFO = NO;
				SDKROOT = iphoneos;
				VALIDATE_PRODUCT = YES;
			};
			name = Release;
		};
		63A7662E1AFE7E6F0089AEE4 /* Debug */ = {
			isa = XCBuildConfiguration;
			buildSettings = {
				ASSETCATALOG_COMPILER_APPICON_NAME = AppIcon;
				INFOPLIST_FILE = Check2Get/Info.plist;
				LD_RUNPATH_SEARCH_PATHS = "$(inherited) @executable_path/Frameworks";
				PRODUCT_NAME = "$(TARGET_NAME)";
			};
			name = Debug;
		};
		63A7662F1AFE7E6F0089AEE4 /* Release */ = {
			isa = XCBuildConfiguration;
			buildSettings = {
				ASSETCATALOG_COMPILER_APPICON_NAME = AppIcon;
				INFOPLIST_FILE = Check2Get/Info.plist;
				LD_RUNPATH_SEARCH_PATHS = "$(inherited) @executable_path/Frameworks";
				PRODUCT_NAME = "$(TARGET_NAME)";
			};
			name = Release;
		};
		63A766311AFE7E6F0089AEE4 /* Debug */ = {
			isa = XCBuildConfiguration;
			buildSettings = {
				BUNDLE_LOADER = "$(TEST_HOST)";
				FRAMEWORK_SEARCH_PATHS = (
					"$(SDKROOT)/Developer/Library/Frameworks",
					"$(inherited)",
				);
				GCC_PREPROCESSOR_DEFINITIONS = (
					"DEBUG=1",
					"$(inherited)",
				);
				INFOPLIST_FILE = Check2GetTests/Info.plist;
				LD_RUNPATH_SEARCH_PATHS = "$(inherited) @executable_path/Frameworks @loader_path/Frameworks";
				PRODUCT_NAME = "$(TARGET_NAME)";
				TEST_HOST = "$(BUILT_PRODUCTS_DIR)/Check2Get.app/Check2Get";
			};
			name = Debug;
		};
		63A766321AFE7E6F0089AEE4 /* Release */ = {
			isa = XCBuildConfiguration;
			buildSettings = {
				BUNDLE_LOADER = "$(TEST_HOST)";
				FRAMEWORK_SEARCH_PATHS = (
					"$(SDKROOT)/Developer/Library/Frameworks",
					"$(inherited)",
				);
				INFOPLIST_FILE = Check2GetTests/Info.plist;
				LD_RUNPATH_SEARCH_PATHS = "$(inherited) @executable_path/Frameworks @loader_path/Frameworks";
				PRODUCT_NAME = "$(TARGET_NAME)";
				TEST_HOST = "$(BUILT_PRODUCTS_DIR)/Check2Get.app/Check2Get";
			};
			name = Release;
		};
/* End XCBuildConfiguration section */

/* Begin XCConfigurationList section */
		63A766051AFE7E6F0089AEE4 /* Build configuration list for PBXProject "Check2Get" */ = {
			isa = XCConfigurationList;
			buildConfigurations = (
				63A7662B1AFE7E6F0089AEE4 /* Debug */,
				63A7662C1AFE7E6F0089AEE4 /* Release */,
			);
			defaultConfigurationIsVisible = 0;
			defaultConfigurationName = Release;
		};
		63A7662D1AFE7E6F0089AEE4 /* Build configuration list for PBXNativeTarget "Check2Get" */ = {
			isa = XCConfigurationList;
			buildConfigurations = (
				63A7662E1AFE7E6F0089AEE4 /* Debug */,
				63A7662F1AFE7E6F0089AEE4 /* Release */,
			);
			defaultConfigurationIsVisible = 0;
		};
		63A766301AFE7E6F0089AEE4 /* Build configuration list for PBXNativeTarget "Check2GetTests" */ = {
			isa = XCConfigurationList;
			buildConfigurations = (
				63A766311AFE7E6F0089AEE4 /* Debug */,
				63A766321AFE7E6F0089AEE4 /* Release */,
			);
			defaultConfigurationIsVisible = 0;
		};
/* End XCConfigurationList section */
	};
	rootObject = 63A766021AFE7E6F0089AEE4 /* Project object */;
}
